
Microsoft Visual Studio Solution File, Format Version 12.00
# Visual Studio Version 17
VisualStudioVersion = 17.11.35303.130
MinimumVisualStudioVersion = 10.0.40219.1
Project("{FAE04EC0-301F-11D3-BF4B-00C04F79EFBC}") = "LabTask3", "LabTask3\LabTask3.csproj", "{C8CE27A0-E86D-4B83-8680-39874E516E10}"
EndProject
Global
	GlobalSection(SolutionConfigurationPlatforms) = preSolution
		Debug|Any CPU = Debug|Any CPU
		Release|Any CPU = Release|Any CPU
	EndGlobalSection
	GlobalSection(ProjectConfigurationPlatforms) = postSolution
		{C8CE27A0-E86D-4B83-8680-39874E516E10}.Debug|Any CPU.ActiveCfg = Debug|Any CPU
		{C8CE27A0-E86D-4B83-8680-39874E516E10}.Debug|Any CPU.Build.0 = Debug|Any CPU
		{C8CE27A0-E86D-4B83-8680-39874E516E10}.Release|Any CPU.ActiveCfg = Release|Any CPU
		{C8CE27A0-E86D-4B83-8680-39874E516E10}.Release|Any CPU.Build.0 = Release|Any CPU
	EndGlobalSection
	GlobalSection(SolutionProperties) = preSolution
		HideSolutionNode = FALSE
	EndGlobalSection
	GlobalSection(ExtensibilityGlobals) = postSolution
		SolutionGuid = {34BE1337-E2B4-473B-8383-9017B25178BE}
	EndGlobalSection
EndGlobal
