
Microsoft Visual Studio Solution File, Format Version 12.00
# Visual Studio Version 17
VisualStudioVersion = 17.11.35303.130
MinimumVisualStudioVersion = 10.0.40219.1
Project("{FAE04EC0-301F-11D3-BF4B-00C04F79EFBC}") = "LabTask1", "LabTask1\LabTask1.csproj", "{01AA5CBF-D7DB-4CD7-815E-F2C1F40A40D6}"
EndProject
Global
	GlobalSection(SolutionConfigurationPlatforms) = preSolution
		Debug|Any CPU = Debug|Any CPU
		Release|Any CPU = Release|Any CPU
	EndGlobalSection
	GlobalSection(ProjectConfigurationPlatforms) = postSolution
		{01AA5CBF-D7DB-4CD7-815E-F2C1F40A40D6}.Debug|Any CPU.ActiveCfg = Debug|Any CPU
		{01AA5CBF-D7DB-4CD7-815E-F2C1F40A40D6}.Debug|Any CPU.Build.0 = Debug|Any CPU
		{01AA5CBF-D7DB-4CD7-815E-F2C1F40A40D6}.Release|Any CPU.ActiveCfg = Release|Any CPU
		{01AA5CBF-D7DB-4CD7-815E-F2C1F40A40D6}.Release|Any CPU.Build.0 = Release|Any CPU
	EndGlobalSection
	GlobalSection(SolutionProperties) = preSolution
		HideSolutionNode = FALSE
	EndGlobalSection
	GlobalSection(ExtensibilityGlobals) = postSolution
		SolutionGuid = {39C3741B-60B6-4025-9A37-53E0117F44B9}
	EndGlobalSection
EndGlobal
